
Microsoft Visual Studio Solution File, Format Version 11.00
# Visual Studio 2010
Project("{8BC9CEB8-8B4A-11D0-8D11-00A0C91BC942}") = "MemoryGame47", "MemoryGame47\MemoryGame47.vcxproj", "{164031BD-112B-48E5-9369-67E0A7377ABA}"
EndProject
Global
	GlobalSection(SolutionConfigurationPlatforms) = preSolution
		Debug|Win32 = Debug|Win32
		Release|Win32 = Release|Win32
	EndGlobalSection
	GlobalSection(ProjectConfigurationPlatforms) = postSolution
		{164031BD-112B-48E5-9369-67E0A7377ABA}.Debug|Win32.ActiveCfg = Debug|Win32
		{164031BD-112B-48E5-9369-67E0A7377ABA}.Debug|Win32.Build.0 = Debug|Win32
		{164031BD-112B-48E5-9369-67E0A7377ABA}.Release|Win32.ActiveCfg = Release|Win32
		{164031BD-112B-48E5-9369-67E0A7377ABA}.Release|Win32.Build.0 = Release|Win32
	EndGlobalSection
	GlobalSection(SolutionProperties) = preSolution
		HideSolutionNode = FALSE
	EndGlobalSection
EndGlobal
